{
  "originHash" : "95e9f2df49c850fa3705cd427bce584ec34cecc600966a94c16a6296c395d4a6",
  "pins" : [
    {
      "identity" : "mlx-audio",
      "kind" : "remoteSourceControl",
      "location" : "https://github.com/Blaizzy/mlx-audio",
      "state" : {
        "branch" : "main",
        "revision" : "31e965c8c40663b05682c1dc3d0f1c8f1abf7339"
      }
    },
    {
      "identity" : "mlx-swift",
      "kind" : "remoteSourceControl",
      "location" : "https://github.com/ml-explore/mlx-swift",
      "state" : {
        "revision" : "a8f7411d0c7b63cbf3e64a694ec73850a46f9a1c",
        "version" : "0.25.2"
      }
    },
    {
      "identity" : "swift-numerics",
      "kind" : "remoteSourceControl",
      "location" : "https://github.com/apple/swift-numerics",
      "state" : {
        "revision" : "e0ec0f5f3af6f3e4d5e7a19d2af26b481acb6ba8",
        "version" : "1.0.3"
      }
    }
  ],
  "version" : 3
}
