// !$*UTF8*$!
{
	archiveVersion = 1;
	classes = {
	};
	objectVersion = 77;
	objects = {

/* Begin PBXBuildFile section */
		18E16C142DD347A900B5289D /* MLXSwiftTTS in Frameworks */ = {isa = PBXBuildFile; productRef = 18E16C132DD347A900B5289D /* MLXSwiftTTS */; };
		18E16CA12DD34C6D00B5289D /* kokoro-v1_0.safetensors in Resources */ = {isa = PBXBuildFile; fileRef = 18E16CA02DD34C6D00B5289D /* kokoro-v1_0.safetensors */; };
		18E16CA32DD34CFF00B5289D /* ESpeakNG.xcframework in Frameworks */ = {isa = PBXBuildFile; fileRef = 18E16CA22DD34CFF00B5289D /* ESpeakNG.xcframework */; };
		18E16CA62DD34D4000B5289D /* ESpeakNG.xcframework in CopyFiles */ = {isa = PBXBuildFile; fileRef = 18E16CA22DD34CFF00B5289D /* ESpeakNG.xcframework */; settings = {ATTRIBUTES = (CodeSignOnCopy, RemoveHeadersOnCopy, ); }; };
		18E16CB22DD34DBD00B5289D /* bf_emma.json in Resources */ = {isa = PBXBuildFile; fileRef = 18E16CAE2DD34DBD00B5289D /* bf_emma.json */; };
		18E16CB32DD34DBD00B5289D /* af_bella.json in Resources */ = {isa = PBXBuildFile; fileRef = 18E16CA72DD34DBD00B5289D /* af_bella.json */; };
		18E16CB42DD34DBD00B5289D /* af_heart.json in Resources */ = {isa = PBXBuildFile; fileRef = 18E16CA82DD34DBD00B5289D /* af_heart.json */; };
		18E16CB52DD34DBD00B5289D /* af_sarah.json in Resources */ = {isa = PBXBuildFile; fileRef = 18E16CAA2DD34DBD00B5289D /* af_sarah.json */; };
		18E16CB62DD34DBD00B5289D /* bf_isabella.json in Resources */ = {isa = PBXBuildFile; fileRef = 18E16CAF2DD34DBD00B5289D /* bf_isabella.json */; };
		18E16CB72DD34DBD00B5289D /* af_nicole.json in Resources */ = {isa = PBXBuildFile; fileRef = 18E16CA92DD34DBD00B5289D /* af_nicole.json */; };
		18E16CB82DD34DBD00B5289D /* bm_george.json in Resources */ = {isa = PBXBuildFile; fileRef = 18E16CB02DD34DBD00B5289D /* bm_george.json */; };
		18E16CB92DD34DBD00B5289D /* am_michael.json in Resources */ = {isa = PBXBuildFile; fileRef = 18E16CAD2DD34DBD00B5289D /* am_michael.json */; };
		18E16CBA2DD34DBD00B5289D /* af_sky.json in Resources */ = {isa = PBXBuildFile; fileRef = 18E16CAB2DD34DBD00B5289D /* af_sky.json */; };
		18E16CBB2DD34DBD00B5289D /* am_adam.json in Resources */ = {isa = PBXBuildFile; fileRef = 18E16CAC2DD34DBD00B5289D /* am_adam.json */; };
		18E16CBC2DD34DBD00B5289D /* bm_lewis.json in Resources */ = {isa = PBXBuildFile; fileRef = 18E16CB12DD34DBD00B5289D /* bm_lewis.json */; };
/* End PBXBuildFile section */

/* Begin PBXContainerItemProxy section */
		18E16BF62DD3422700B5289D /* PBXContainerItemProxy */ = {
			isa = PBXContainerItemProxy;
			containerPortal = 18E16BE02DD3422500B5289D /* Project object */;
			proxyType = 1;
			remoteGlobalIDString = 18E16BE72DD3422500B5289D;
			remoteInfo = TestTTS;
		};
		18E16C002DD3422700B5289D /* PBXContainerItemProxy */ = {
			isa = PBXContainerItemProxy;
			containerPortal = 18E16BE02DD3422500B5289D /* Project object */;
			proxyType = 1;
			remoteGlobalIDString = 18E16BE72DD3422500B5289D;
			remoteInfo = TestTTS;
		};
/* End PBXContainerItemProxy section */

/* Begin PBXCopyFilesBuildPhase section */
		18E16CA52DD34D3700B5289D /* CopyFiles */ = {
			isa = PBXCopyFilesBuildPhase;
			buildActionMask = 2147483647;
			dstPath = "";
			dstSubfolderSpec = 6;
			files = (
				18E16CA62DD34D4000B5289D /* ESpeakNG.xcframework in CopyFiles */,
			);
			runOnlyForDeploymentPostprocessing = 0;
		};
/* End PBXCopyFilesBuildPhase section */

/* Begin PBXFileReference section */
		18E16BE82DD3422500B5289D /* TestTTS.app */ = {isa = PBXFileReference; explicitFileType = wrapper.application; includeInIndex = 0; path = TestTTS.app; sourceTree = BUILT_PRODUCTS_DIR; };
		18E16BF52DD3422700B5289D /* TestTTSTests.xctest */ = {isa = PBXFileReference; explicitFileType = wrapper.cfbundle; includeInIndex = 0; path = TestTTSTests.xctest; sourceTree = BUILT_PRODUCTS_DIR; };
		18E16BFF2DD3422700B5289D /* TestTTSUITests.xctest */ = {isa = PBXFileReference; explicitFileType = wrapper.cfbundle; includeInIndex = 0; path = TestTTSUITests.xctest; sourceTree = BUILT_PRODUCTS_DIR; };
		18E16CA02DD34C6D00B5289D /* kokoro-v1_0.safetensors */ = {isa = PBXFileReference; lastKnownFileType = file; name = "kokoro-v1_0.safetensors"; path = "/Users/apple/.cache/huggingface/hub/models--mlx-community--Kokoro-82M-bf16/blobs/kokoro-v1_0.safetensors"; sourceTree = "<absolute>"; };
		18E16CA22DD34CFF00B5289D /* ESpeakNG.xcframework */ = {isa = PBXFileReference; lastKnownFileType = wrapper.xcframework; name = ESpeakNG.xcframework; path = "/Users/apple/Library/Developer/Xcode/DerivedData/TestTTS-ceqhrdphcztcztevekgbllnwgudk/SourcePackages/checkouts/mlx-audio/mlx_audio_swift/tts/Swift-TTS/Kokoro/Frameworks/ESpeakNG.xcframework"; sourceTree = "<absolute>"; };
		18E16CA72DD34DBD00B5289D /* af_bella.json */ = {isa = PBXFileReference; lastKnownFileType = text.json; name = af_bella.json; path = "/Users/apple/Library/Developer/Xcode/DerivedData/TestTTS-ceqhrdphcztcztevekgbllnwgudk/SourcePackages/checkouts/mlx-audio/mlx_audio_swift/tts/Swift-TTS/Kokoro/Resources/af_bella.json"; sourceTree = "<absolute>"; };
		18E16CA82DD34DBD00B5289D /* af_heart.json */ = {isa = PBXFileReference; lastKnownFileType = text.json; name = af_heart.json; path = "/Users/apple/Library/Developer/Xcode/DerivedData/TestTTS-ceqhrdphcztcztevekgbllnwgudk/SourcePackages/checkouts/mlx-audio/mlx_audio_swift/tts/Swift-TTS/Kokoro/Resources/af_heart.json"; sourceTree = "<absolute>"; };
		18E16CA92DD34DBD00B5289D /* af_nicole.json */ = {isa = PBXFileReference; lastKnownFileType = text.json; name = af_nicole.json; path = "/Users/apple/Library/Developer/Xcode/DerivedData/TestTTS-ceqhrdphcztcztevekgbllnwgudk/SourcePackages/checkouts/mlx-audio/mlx_audio_swift/tts/Swift-TTS/Kokoro/Resources/af_nicole.json"; sourceTree = "<absolute>"; };
		18E16CAA2DD34DBD00B5289D /* af_sarah.json */ = {isa = PBXFileReference; lastKnownFileType = text.json; name = af_sarah.json; path = "/Users/apple/Library/Developer/Xcode/DerivedData/TestTTS-ceqhrdphcztcztevekgbllnwgudk/SourcePackages/checkouts/mlx-audio/mlx_audio_swift/tts/Swift-TTS/Kokoro/Resources/af_sarah.json"; sourceTree = "<absolute>"; };
		18E16CAB2DD34DBD00B5289D /* af_sky.json */ = {isa = PBXFileReference; lastKnownFileType = text.json; name = af_sky.json; path = "/Users/apple/Library/Developer/Xcode/DerivedData/TestTTS-ceqhrdphcztcztevekgbllnwgudk/SourcePackages/checkouts/mlx-audio/mlx_audio_swift/tts/Swift-TTS/Kokoro/Resources/af_sky.json"; sourceTree = "<absolute>"; };
		18E16CAC2DD34DBD00B5289D /* am_adam.json */ = {isa = PBXFileReference; lastKnownFileType = text.json; name = am_adam.json; path = "/Users/apple/Library/Developer/Xcode/DerivedData/TestTTS-ceqhrdphcztcztevekgbllnwgudk/SourcePackages/checkouts/mlx-audio/mlx_audio_swift/tts/Swift-TTS/Kokoro/Resources/am_adam.json"; sourceTree = "<absolute>"; };
		18E16CAD2DD34DBD00B5289D /* am_michael.json */ = {isa = PBXFileReference; lastKnownFileType = text.json; name = am_michael.json; path = "/Users/apple/Library/Developer/Xcode/DerivedData/TestTTS-ceqhrdphcztcztevekgbllnwgudk/SourcePackages/checkouts/mlx-audio/mlx_audio_swift/tts/Swift-TTS/Kokoro/Resources/am_michael.json"; sourceTree = "<absolute>"; };
		18E16CAE2DD34DBD00B5289D /* bf_emma.json */ = {isa = PBXFileReference; lastKnownFileType = text.json; name = bf_emma.json; path = "/Users/apple/Library/Developer/Xcode/DerivedData/TestTTS-ceqhrdphcztcztevekgbllnwgudk/SourcePackages/checkouts/mlx-audio/mlx_audio_swift/tts/Swift-TTS/Kokoro/Resources/bf_emma.json"; sourceTree = "<absolute>"; };
		18E16CAF2DD34DBD00B5289D /* bf_isabella.json */ = {isa = PBXFileReference; lastKnownFileType = text.json; name = bf_isabella.json; path = "/Users/apple/Library/Developer/Xcode/DerivedData/TestTTS-ceqhrdphcztcztevekgbllnwgudk/SourcePackages/checkouts/mlx-audio/mlx_audio_swift/tts/Swift-TTS/Kokoro/Resources/bf_isabella.json"; sourceTree = "<absolute>"; };
		18E16CB02DD34DBD00B5289D /* bm_george.json */ = {isa = PBXFileReference; lastKnownFileType = text.json; name = bm_george.json; path = "/Users/apple/Library/Developer/Xcode/DerivedData/TestTTS-ceqhrdphcztcztevekgbllnwgudk/SourcePackages/checkouts/mlx-audio/mlx_audio_swift/tts/Swift-TTS/Kokoro/Resources/bm_george.json"; sourceTree = "<absolute>"; };
		18E16CB12DD34DBD00B5289D /* bm_lewis.json */ = {isa = PBXFileReference; lastKnownFileType = text.json; name = bm_lewis.json; path = "/Users/apple/Library/Developer/Xcode/DerivedData/TestTTS-ceqhrdphcztcztevekgbllnwgudk/SourcePackages/checkouts/mlx-audio/mlx_audio_swift/tts/Swift-TTS/Kokoro/Resources/bm_lewis.json"; sourceTree = "<absolute>"; };
/* End PBXFileReference section */

/* Begin PBXFileSystemSynchronizedRootGroup section */
		18E16BEA2DD3422500B5289D /* TestTTS */ = {
			isa = PBXFileSystemSynchronizedRootGroup;
			path = TestTTS;
			sourceTree = "<group>";
		};
		18E16BF82DD3422700B5289D /* TestTTSTests */ = {
			isa = PBXFileSystemSynchronizedRootGroup;
			path = TestTTSTests;
			sourceTree = "<group>";
		};
		18E16C022DD3422700B5289D /* TestTTSUITests */ = {
			isa = PBXFileSystemSynchronizedRootGroup;
			path = TestTTSUITests;
			sourceTree = "<group>";
		};
/* End PBXFileSystemSynchronizedRootGroup section */

/* Begin PBXFrameworksBuildPhase section */
		18E16BE52DD3422500B5289D /* Frameworks */ = {
			isa = PBXFrameworksBuildPhase;
			buildActionMask = 2147483647;
			files = (
				18E16C142DD347A900B5289D /* MLXSwiftTTS in Frameworks */,
				18E16CA32DD34CFF00B5289D /* ESpeakNG.xcframework in Frameworks */,
			);
			runOnlyForDeploymentPostprocessing = 0;
		};
		18E16BF22DD3422700B5289D /* Frameworks */ = {
			isa = PBXFrameworksBuildPhase;
			buildActionMask = 2147483647;
			files = (
			);
			runOnlyForDeploymentPostprocessing = 0;
		};
		18E16BFC2DD3422700B5289D /* Frameworks */ = {
			isa = PBXFrameworksBuildPhase;
			buildActionMask = 2147483647;
			files = (
			);
			runOnlyForDeploymentPostprocessing = 0;
		};
/* End PBXFrameworksBuildPhase section */

/* Begin PBXGroup section */
		18E16BDF2DD3422500B5289D = {
			isa = PBXGroup;
			children = (
				18E16CA72DD34DBD00B5289D /* af_bella.json */,
				18E16CA82DD34DBD00B5289D /* af_heart.json */,
				18E16CA92DD34DBD00B5289D /* af_nicole.json */,
				18E16CAA2DD34DBD00B5289D /* af_sarah.json */,
				18E16CAB2DD34DBD00B5289D /* af_sky.json */,
				18E16CAC2DD34DBD00B5289D /* am_adam.json */,
				18E16CAD2DD34DBD00B5289D /* am_michael.json */,
				18E16CAE2DD34DBD00B5289D /* bf_emma.json */,
				18E16CAF2DD34DBD00B5289D /* bf_isabella.json */,
				18E16CB02DD34DBD00B5289D /* bm_george.json */,
				18E16CB12DD34DBD00B5289D /* bm_lewis.json */,
				18E16CA22DD34CFF00B5289D /* ESpeakNG.xcframework */,
				18E16BEA2DD3422500B5289D /* TestTTS */,
				18E16BF82DD3422700B5289D /* TestTTSTests */,
				18E16C022DD3422700B5289D /* TestTTSUITests */,
				18E16BE92DD3422500B5289D /* Products */,
				18E16CA02DD34C6D00B5289D /* kokoro-v1_0.safetensors */,
			);
			sourceTree = "<group>";
		};
		18E16BE92DD3422500B5289D /* Products */ = {
			isa = PBXGroup;
			children = (
				18E16BE82DD3422500B5289D /* TestTTS.app */,
				18E16BF52DD3422700B5289D /* TestTTSTests.xctest */,
				18E16BFF2DD3422700B5289D /* TestTTSUITests.xctest */,
			);
			name = Products;
			sourceTree = "<group>";
		};
/* End PBXGroup section */

/* Begin PBXNativeTarget section */
		18E16BE72DD3422500B5289D /* TestTTS */ = {
			isa = PBXNativeTarget;
			buildConfigurationList = 18E16C092DD3422700B5289D /* Build configuration list for PBXNativeTarget "TestTTS" */;
			buildPhases = (
				18E16BE42DD3422500B5289D /* Sources */,
				18E16BE52DD3422500B5289D /* Frameworks */,
				18E16BE62DD3422500B5289D /* Resources */,
				18E16CA52DD34D3700B5289D /* CopyFiles */,
			);
			buildRules = (
			);
			dependencies = (
			);
			fileSystemSynchronizedGroups = (
				18E16BEA2DD3422500B5289D /* TestTTS */,
			);
			name = TestTTS;
			packageProductDependencies = (
				18E16C132DD347A900B5289D /* MLXSwiftTTS */,
			);
			productName = TestTTS;
			productReference = 18E16BE82DD3422500B5289D /* TestTTS.app */;
			productType = "com.apple.product-type.application";
		};
		18E16BF42DD3422700B5289D /* TestTTSTests */ = {
			isa = PBXNativeTarget;
			buildConfigurationList = 18E16C0C2DD3422700B5289D /* Build configuration list for PBXNativeTarget "TestTTSTests" */;
			buildPhases = (
				18E16BF12DD3422700B5289D /* Sources */,
				18E16BF22DD3422700B5289D /* Frameworks */,
				18E16BF32DD3422700B5289D /* Resources */,
			);
			buildRules = (
			);
			dependencies = (
				18E16BF72DD3422700B5289D /* PBXTargetDependency */,
			);
			fileSystemSynchronizedGroups = (
				18E16BF82DD3422700B5289D /* TestTTSTests */,
			);
			name = TestTTSTests;
			packageProductDependencies = (
			);
			productName = TestTTSTests;
			productReference = 18E16BF52DD3422700B5289D /* TestTTSTests.xctest */;
			productType = "com.apple.product-type.bundle.unit-test";
		};
		18E16BFE2DD3422700B5289D /* TestTTSUITests */ = {
			isa = PBXNativeTarget;
			buildConfigurationList = 18E16C0F2DD3422700B5289D /* Build configuration list for PBXNativeTarget "TestTTSUITests" */;
			buildPhases = (
				18E16BFB2DD3422700B5289D /* Sources */,
				18E16BFC2DD3422700B5289D /* Frameworks */,
				18E16BFD2DD3422700B5289D /* Resources */,
			);
			buildRules = (
			);
			dependencies = (
				18E16C012DD3422700B5289D /* PBXTargetDependency */,
			);
			fileSystemSynchronizedGroups = (
				18E16C022DD3422700B5289D /* TestTTSUITests */,
			);
			name = TestTTSUITests;
			packageProductDependencies = (
			);
			productName = TestTTSUITests;
			productReference = 18E16BFF2DD3422700B5289D /* TestTTSUITests.xctest */;
			productType = "com.apple.product-type.bundle.ui-testing";
		};
/* End PBXNativeTarget section */

/* Begin PBXProject section */
		18E16BE02DD3422500B5289D /* Project object */ = {
			isa = PBXProject;
			attributes = {
				BuildIndependentTargetsInParallel = 1;
				LastSwiftUpdateCheck = 1630;
				LastUpgradeCheck = 1630;
				TargetAttributes = {
					18E16BE72DD3422500B5289D = {
						CreatedOnToolsVersion = 16.3;
					};
					18E16BF42DD3422700B5289D = {
						CreatedOnToolsVersion = 16.3;
						TestTargetID = 18E16BE72DD3422500B5289D;
					};
					18E16BFE2DD3422700B5289D = {
						CreatedOnToolsVersion = 16.3;
						TestTargetID = 18E16BE72DD3422500B5289D;
					};
				};
			};
			buildConfigurationList = 18E16BE32DD3422500B5289D /* Build configuration list for PBXProject "TestTTS" */;
			developmentRegion = en;
			hasScannedForEncodings = 0;
			knownRegions = (
				en,
				Base,
			);
			mainGroup = 18E16BDF2DD3422500B5289D;
			minimizedProjectReferenceProxies = 1;
			packageReferences = (
				18E16C122DD347A900B5289D /* XCRemoteSwiftPackageReference "mlx-audio" */,
			);
			preferredProjectObjectVersion = 77;
			productRefGroup = 18E16BE92DD3422500B5289D /* Products */;
			projectDirPath = "";
			projectRoot = "";
			targets = (
				18E16BE72DD3422500B5289D /* TestTTS */,
				18E16BF42DD3422700B5289D /* TestTTSTests */,
				18E16BFE2DD3422700B5289D /* TestTTSUITests */,
			);
		};
/* End PBXProject section */

/* Begin PBXResourcesBuildPhase section */
		18E16BE62DD3422500B5289D /* Resources */ = {
			isa = PBXResourcesBuildPhase;
			buildActionMask = 2147483647;
			files = (
				18E16CA12DD34C6D00B5289D /* kokoro-v1_0.safetensors in Resources */,
				18E16CB22DD34DBD00B5289D /* bf_emma.json in Resources */,
				18E16CB32DD34DBD00B5289D /* af_bella.json in Resources */,
				18E16CB42DD34DBD00B5289D /* af_heart.json in Resources */,
				18E16CB52DD34DBD00B5289D /* af_sarah.json in Resources */,
				18E16CB62DD34DBD00B5289D /* bf_isabella.json in Resources */,
				18E16CB72DD34DBD00B5289D /* af_nicole.json in Resources */,
				18E16CB82DD34DBD00B5289D /* bm_george.json in Resources */,
				18E16CB92DD34DBD00B5289D /* am_michael.json in Resources */,
				18E16CBA2DD34DBD00B5289D /* af_sky.json in Resources */,
				18E16CBB2DD34DBD00B5289D /* am_adam.json in Resources */,
				18E16CBC2DD34DBD00B5289D /* bm_lewis.json in Resources */,
			);
			runOnlyForDeploymentPostprocessing = 0;
		};
		18E16BF32DD3422700B5289D /* Resources */ = {
			isa = PBXResourcesBuildPhase;
			buildActionMask = 2147483647;
			files = (
			);
			runOnlyForDeploymentPostprocessing = 0;
		};
		18E16BFD2DD3422700B5289D /* Resources */ = {
			isa = PBXResourcesBuildPhase;
			buildActionMask = 2147483647;
			files = (
			);
			runOnlyForDeploymentPostprocessing = 0;
		};
/* End PBXResourcesBuildPhase section */

/* Begin PBXSourcesBuildPhase section */
		18E16BE42DD3422500B5289D /* Sources */ = {
			isa = PBXSourcesBuildPhase;
			buildActionMask = 2147483647;
			files = (
			);
			runOnlyForDeploymentPostprocessing = 0;
		};
		18E16BF12DD3422700B5289D /* Sources */ = {
			isa = PBXSourcesBuildPhase;
			buildActionMask = 2147483647;
			files = (
			);
			runOnlyForDeploymentPostprocessing = 0;
		};
		18E16BFB2DD3422700B5289D /* Sources */ = {
			isa = PBXSourcesBuildPhase;
			buildActionMask = 2147483647;
			files = (
			);
			runOnlyForDeploymentPostprocessing = 0;
		};
/* End PBXSourcesBuildPhase section */

/* Begin PBXTargetDependency section */
		18E16BF72DD3422700B5289D /* PBXTargetDependency */ = {
			isa = PBXTargetDependency;
			target = 18E16BE72DD3422500B5289D /* TestTTS */;
			targetProxy = 18E16BF62DD3422700B5289D /* PBXContainerItemProxy */;
		};
		18E16C012DD3422700B5289D /* PBXTargetDependency */ = {
			isa = PBXTargetDependency;
			target = 18E16BE72DD3422500B5289D /* TestTTS */;
			targetProxy = 18E16C002DD3422700B5289D /* PBXContainerItemProxy */;
		};
/* End PBXTargetDependency section */

/* Begin XCBuildConfiguration section */
		18E16C072DD3422700B5289D /* Debug */ = {
			isa = XCBuildConfiguration;
			buildSettings = {
				ALWAYS_SEARCH_USER_PATHS = NO;
				ASSETCATALOG_COMPILER_GENERATE_SWIFT_ASSET_SYMBOL_EXTENSIONS = YES;
				CLANG_ANALYZER_NONNULL = YES;
				CLANG_ANALYZER_NUMBER_OBJECT_CONVERSION = YES_AGGRESSIVE;
				CLANG_CXX_LANGUAGE_STANDARD = "gnu++20";
				CLANG_ENABLE_MODULES = YES;
				CLANG_ENABLE_OBJC_ARC = YES;
				CLANG_ENABLE_OBJC_WEAK = YES;
				CLANG_WARN_BLOCK_CAPTURE_AUTORELEASING = YES;
				CLANG_WARN_BOOL_CONVERSION = YES;
				CLANG_WARN_COMMA = YES;
				CLANG_WARN_CONSTANT_CONVERSION = YES;
				CLANG_WARN_DEPRECATED_OBJC_IMPLEMENTATIONS = YES;
				CLANG_WARN_DIRECT_OBJC_ISA_USAGE = YES_ERROR;
				CLANG_WARN_DOCUMENTATION_COMMENTS = YES;
				CLANG_WARN_EMPTY_BODY = YES;
				CLANG_WARN_ENUM_CONVERSION = YES;
				CLANG_WARN_INFINITE_RECURSION = YES;
				CLANG_WARN_INT_CONVERSION = YES;
				CLANG_WARN_NON_LITERAL_NULL_CONVERSION = YES;
				CLANG_WARN_OBJC_IMPLICIT_RETAIN_SELF = YES;
				CLANG_WARN_OBJC_LITERAL_CONVERSION = YES;
				CLANG_WARN_OBJC_ROOT_CLASS = YES_ERROR;
				CLANG_WARN_QUOTED_INCLUDE_IN_FRAMEWORK_HEADER = YES;
				CLANG_WARN_RANGE_LOOP_ANALYSIS = YES;
				CLANG_WARN_STRICT_PROTOTYPES = YES;
				CLANG_WARN_SUSPICIOUS_MOVE = YES;
				CLANG_WARN_UNGUARDED_AVAILABILITY = YES_AGGRESSIVE;
				CLANG_WARN_UNREACHABLE_CODE = YES;
				CLANG_WARN__DUPLICATE_METHOD_MATCH = YES;
				COPY_PHASE_STRIP = NO;
				DEBUG_INFORMATION_FORMAT = dwarf;
				DEVELOPMENT_TEAM = Z9XG3YEP93;
				ENABLE_STRICT_OBJC_MSGSEND = YES;
				ENABLE_TESTABILITY = YES;
				ENABLE_USER_SCRIPT_SANDBOXING = YES;
				GCC_C_LANGUAGE_STANDARD = gnu17;
				GCC_DYNAMIC_NO_PIC = NO;
				GCC_NO_COMMON_BLOCKS = YES;
				GCC_OPTIMIZATION_LEVEL = 0;
				GCC_PREPROCESSOR_DEFINITIONS = (
					"DEBUG=1",
					"$(inherited)",
				);
				GCC_WARN_64_TO_32_BIT_CONVERSION = YES;
				GCC_WARN_ABOUT_RETURN_TYPE = YES_ERROR;
				GCC_WARN_UNDECLARED_SELECTOR = YES;
				GCC_WARN_UNINITIALIZED_AUTOS = YES_AGGRESSIVE;
				GCC_WARN_UNUSED_FUNCTION = YES;
				GCC_WARN_UNUSED_VARIABLE = YES;
				IPHONEOS_DEPLOYMENT_TARGET = 18.4;
				LOCALIZATION_PREFERS_STRING_CATALOGS = YES;
				MTL_ENABLE_DEBUG_INFO = INCLUDE_SOURCE;
				MTL_FAST_MATH = YES;
				ONLY_ACTIVE_ARCH = YES;
				SDKROOT = iphoneos;
				SWIFT_ACTIVE_COMPILATION_CONDITIONS = "DEBUG $(inherited)";
				SWIFT_OPTIMIZATION_LEVEL = "-Onone";
			};
			name = Debug;
		};
		18E16C082DD3422700B5289D /* Release */ = {
			isa = XCBuildConfiguration;
			buildSettings = {
				ALWAYS_SEARCH_USER_PATHS = NO;
				ASSETCATALOG_COMPILER_GENERATE_SWIFT_ASSET_SYMBOL_EXTENSIONS = YES;
				CLANG_ANALYZER_NONNULL = YES;
				CLANG_ANALYZER_NUMBER_OBJECT_CONVERSION = YES_AGGRESSIVE;
				CLANG_CXX_LANGUAGE_STANDARD = "gnu++20";
				CLANG_ENABLE_MODULES = YES;
				CLANG_ENABLE_OBJC_ARC = YES;
				CLANG_ENABLE_OBJC_WEAK = YES;
				CLANG_WARN_BLOCK_CAPTURE_AUTORELEASING = YES;
				CLANG_WARN_BOOL_CONVERSION = YES;
				CLANG_WARN_COMMA = YES;
				CLANG_WARN_CONSTANT_CONVERSION = YES;
				CLANG_WARN_DEPRECATED_OBJC_IMPLEMENTATIONS = YES;
				CLANG_WARN_DIRECT_OBJC_ISA_USAGE = YES_ERROR;
				CLANG_WARN_DOCUMENTATION_COMMENTS = YES;
				CLANG_WARN_EMPTY_BODY = YES;
				CLANG_WARN_ENUM_CONVERSION = YES;
				CLANG_WARN_INFINITE_RECURSION = YES;
				CLANG_WARN_INT_CONVERSION = YES;
				CLANG_WARN_NON_LITERAL_NULL_CONVERSION = YES;
				CLANG_WARN_OBJC_IMPLICIT_RETAIN_SELF = YES;
				CLANG_WARN_OBJC_LITERAL_CONVERSION = YES;
				CLANG_WARN_OBJC_ROOT_CLASS = YES_ERROR;
				CLANG_WARN_QUOTED_INCLUDE_IN_FRAMEWORK_HEADER = YES;
				CLANG_WARN_RANGE_LOOP_ANALYSIS = YES;
				CLANG_WARN_STRICT_PROTOTYPES = YES;
				CLANG_WARN_SUSPICIOUS_MOVE = YES;
				CLANG_WARN_UNGUARDED_AVAILABILITY = YES_AGGRESSIVE;
				CLANG_WARN_UNREACHABLE_CODE = YES;
				CLANG_WARN__DUPLICATE_METHOD_MATCH = YES;
				COPY_PHASE_STRIP = NO;
				DEBUG_INFORMATION_FORMAT = "dwarf-with-dsym";
				DEVELOPMENT_TEAM = Z9XG3YEP93;
				ENABLE_NS_ASSERTIONS = NO;
				ENABLE_STRICT_OBJC_MSGSEND = YES;
				ENABLE_USER_SCRIPT_SANDBOXING = YES;
				GCC_C_LANGUAGE_STANDARD = gnu17;
				GCC_NO_COMMON_BLOCKS = YES;
				GCC_WARN_64_TO_32_BIT_CONVERSION = YES;
				GCC_WARN_ABOUT_RETURN_TYPE = YES_ERROR;
				GCC_WARN_UNDECLARED_SELECTOR = YES;
				GCC_WARN_UNINITIALIZED_AUTOS = YES_AGGRESSIVE;
				GCC_WARN_UNUSED_FUNCTION = YES;
				GCC_WARN_UNUSED_VARIABLE = YES;
				IPHONEOS_DEPLOYMENT_TARGET = 18.4;
				LOCALIZATION_PREFERS_STRING_CATALOGS = YES;
				MTL_ENABLE_DEBUG_INFO = NO;
				MTL_FAST_MATH = YES;
				SDKROOT = iphoneos;
				SWIFT_COMPILATION_MODE = wholemodule;
				VALIDATE_PRODUCT = YES;
			};
			name = Release;
		};
		18E16C0A2DD3422700B5289D /* Debug */ = {
			isa = XCBuildConfiguration;
			buildSettings = {
				ASSETCATALOG_COMPILER_APPICON_NAME = AppIcon;
				ASSETCATALOG_COMPILER_GLOBAL_ACCENT_COLOR_NAME = AccentColor;
				CODE_SIGN_STYLE = Automatic;
				CURRENT_PROJECT_VERSION = 1;
				DEVELOPMENT_TEAM = Z9XG3YEP93;
				ENABLE_PREVIEWS = YES;
				GENERATE_INFOPLIST_FILE = YES;
				INFOPLIST_KEY_UIApplicationSceneManifest_Generation = YES;
				INFOPLIST_KEY_UIApplicationSupportsIndirectInputEvents = YES;
				INFOPLIST_KEY_UILaunchScreen_Generation = YES;
				INFOPLIST_KEY_UISupportedInterfaceOrientations_iPad = "UIInterfaceOrientationPortrait UIInterfaceOrientationPortraitUpsideDown UIInterfaceOrientationLandscapeLeft UIInterfaceOrientationLandscapeRight";
				INFOPLIST_KEY_UISupportedInterfaceOrientations_iPhone = "UIInterfaceOrientationPortrait UIInterfaceOrientationLandscapeLeft UIInterfaceOrientationLandscapeRight";
				LD_RUNPATH_SEARCH_PATHS = (
					"$(inherited)",
					"@executable_path/Frameworks",
				);
				MARKETING_VERSION = 1.0;
				PRODUCT_BUNDLE_IDENTIFIER = com.change.TestTTS;
				PRODUCT_NAME = "$(TARGET_NAME)";
				SWIFT_EMIT_LOC_STRINGS = YES;
				SWIFT_VERSION = 5.0;
				TARGETED_DEVICE_FAMILY = "1,2";
			};
			name = Debug;
		};
		18E16C0B2DD3422700B5289D /* Release */ = {
			isa = XCBuildConfiguration;
			buildSettings = {
				ASSETCATALOG_COMPILER_APPICON_NAME = AppIcon;
				ASSETCATALOG_COMPILER_GLOBAL_ACCENT_COLOR_NAME = AccentColor;
				CODE_SIGN_STYLE = Automatic;
				CURRENT_PROJECT_VERSION = 1;
				DEVELOPMENT_TEAM = Z9XG3YEP93;
				ENABLE_PREVIEWS = YES;
				GENERATE_INFOPLIST_FILE = YES;
				INFOPLIST_KEY_UIApplicationSceneManifest_Generation = YES;
				INFOPLIST_KEY_UIApplicationSupportsIndirectInputEvents = YES;
				INFOPLIST_KEY_UILaunchScreen_Generation = YES;
				INFOPLIST_KEY_UISupportedInterfaceOrientations_iPad = "UIInterfaceOrientationPortrait UIInterfaceOrientationPortraitUpsideDown UIInterfaceOrientationLandscapeLeft UIInterfaceOrientationLandscapeRight";
				INFOPLIST_KEY_UISupportedInterfaceOrientations_iPhone = "UIInterfaceOrientationPortrait UIInterfaceOrientationLandscapeLeft UIInterfaceOrientationLandscapeRight";
				LD_RUNPATH_SEARCH_PATHS = (
					"$(inherited)",
					"@executable_path/Frameworks",
				);
				MARKETING_VERSION = 1.0;
				PRODUCT_BUNDLE_IDENTIFIER = com.change.TestTTS;
				PRODUCT_NAME = "$(TARGET_NAME)";
				SWIFT_EMIT_LOC_STRINGS = YES;
				SWIFT_VERSION = 5.0;
				TARGETED_DEVICE_FAMILY = "1,2";
			};
			name = Release;
		};
		18E16C0D2DD3422700B5289D /* Debug */ = {
			isa = XCBuildConfiguration;
			buildSettings = {
				BUNDLE_LOADER = "$(TEST_HOST)";
				CODE_SIGN_STYLE = Automatic;
				CURRENT_PROJECT_VERSION = 1;
				DEVELOPMENT_TEAM = Z9XG3YEP93;
				GENERATE_INFOPLIST_FILE = YES;
				IPHONEOS_DEPLOYMENT_TARGET = 18.4;
				MARKETING_VERSION = 1.0;
				PRODUCT_BUNDLE_IDENTIFIER = com.change.TestTTSTests;
				PRODUCT_NAME = "$(TARGET_NAME)";
				SWIFT_EMIT_LOC_STRINGS = NO;
				SWIFT_VERSION = 5.0;
				TARGETED_DEVICE_FAMILY = "1,2";
				TEST_HOST = "$(BUILT_PRODUCTS_DIR)/TestTTS.app/$(BUNDLE_EXECUTABLE_FOLDER_PATH)/TestTTS";
			};
			name = Debug;
		};
		18E16C0E2DD3422700B5289D /* Release */ = {
			isa = XCBuildConfiguration;
			buildSettings = {
				BUNDLE_LOADER = "$(TEST_HOST)";
				CODE_SIGN_STYLE = Automatic;
				CURRENT_PROJECT_VERSION = 1;
				DEVELOPMENT_TEAM = Z9XG3YEP93;
				GENERATE_INFOPLIST_FILE = YES;
				IPHONEOS_DEPLOYMENT_TARGET = 18.4;
				MARKETING_VERSION = 1.0;
				PRODUCT_BUNDLE_IDENTIFIER = com.change.TestTTSTests;
				PRODUCT_NAME = "$(TARGET_NAME)";
				SWIFT_EMIT_LOC_STRINGS = NO;
				SWIFT_VERSION = 5.0;
				TARGETED_DEVICE_FAMILY = "1,2";
				TEST_HOST = "$(BUILT_PRODUCTS_DIR)/TestTTS.app/$(BUNDLE_EXECUTABLE_FOLDER_PATH)/TestTTS";
			};
			name = Release;
		};
		18E16C102DD3422700B5289D /* Debug */ = {
			isa = XCBuildConfiguration;
			buildSettings = {
				CODE_SIGN_STYLE = Automatic;
				CURRENT_PROJECT_VERSION = 1;
				DEVELOPMENT_TEAM = Z9XG3YEP93;
				GENERATE_INFOPLIST_FILE = YES;
				MARKETING_VERSION = 1.0;
				PRODUCT_BUNDLE_IDENTIFIER = com.change.TestTTSUITests;
				PRODUCT_NAME = "$(TARGET_NAME)";
				SWIFT_EMIT_LOC_STRINGS = NO;
				SWIFT_VERSION = 5.0;
				TARGETED_DEVICE_FAMILY = "1,2";
				TEST_TARGET_NAME = TestTTS;
			};
			name = Debug;
		};
		18E16C112DD3422700B5289D /* Release */ = {
			isa = XCBuildConfiguration;
			buildSettings = {
				CODE_SIGN_STYLE = Automatic;
				CURRENT_PROJECT_VERSION = 1;
				DEVELOPMENT_TEAM = Z9XG3YEP93;
				GENERATE_INFOPLIST_FILE = YES;
				MARKETING_VERSION = 1.0;
				PRODUCT_BUNDLE_IDENTIFIER = com.change.TestTTSUITests;
				PRODUCT_NAME = "$(TARGET_NAME)";
				SWIFT_EMIT_LOC_STRINGS = NO;
				SWIFT_VERSION = 5.0;
				TARGETED_DEVICE_FAMILY = "1,2";
				TEST_TARGET_NAME = TestTTS;
			};
			name = Release;
		};
/* End XCBuildConfiguration section */

/* Begin XCConfigurationList section */
		18E16BE32DD3422500B5289D /* Build configuration list for PBXProject "TestTTS" */ = {
			isa = XCConfigurationList;
			buildConfigurations = (
				18E16C072DD3422700B5289D /* Debug */,
				18E16C082DD3422700B5289D /* Release */,
			);
			defaultConfigurationIsVisible = 0;
			defaultConfigurationName = Release;
		};
		18E16C092DD3422700B5289D /* Build configuration list for PBXNativeTarget "TestTTS" */ = {
			isa = XCConfigurationList;
			buildConfigurations = (
				18E16C0A2DD3422700B5289D /* Debug */,
				18E16C0B2DD3422700B5289D /* Release */,
			);
			defaultConfigurationIsVisible = 0;
			defaultConfigurationName = Release;
		};
		18E16C0C2DD3422700B5289D /* Build configuration list for PBXNativeTarget "TestTTSTests" */ = {
			isa = XCConfigurationList;
			buildConfigurations = (
				18E16C0D2DD3422700B5289D /* Debug */,
				18E16C0E2DD3422700B5289D /* Release */,
			);
			defaultConfigurationIsVisible = 0;
			defaultConfigurationName = Release;
		};
		18E16C0F2DD3422700B5289D /* Build configuration list for PBXNativeTarget "TestTTSUITests" */ = {
			isa = XCConfigurationList;
			buildConfigurations = (
				18E16C102DD3422700B5289D /* Debug */,
				18E16C112DD3422700B5289D /* Release */,
			);
			defaultConfigurationIsVisible = 0;
			defaultConfigurationName = Release;
		};
/* End XCConfigurationList section */

/* Begin XCRemoteSwiftPackageReference section */
		18E16C122DD347A900B5289D /* XCRemoteSwiftPackageReference "mlx-audio" */ = {
			isa = XCRemoteSwiftPackageReference;
			repositoryURL = "https://github.com/Blaizzy/mlx-audio";
			requirement = {
				branch = main;
				kind = branch;
			};
		};
/* End XCRemoteSwiftPackageReference section */

/* Begin XCSwiftPackageProductDependency section */
		18E16C132DD347A900B5289D /* MLXSwiftTTS */ = {
			isa = XCSwiftPackageProductDependency;
			package = 18E16C122DD347A900B5289D /* XCRemoteSwiftPackageReference "mlx-audio" */;
			productName = MLXSwiftTTS;
		};
/* End XCSwiftPackageProductDependency section */
	};
	rootObject = 18E16BE02DD3422500B5289D /* Project object */;
}
